
Microsoft Visual Studio Solution File, Format Version 12.00
# Visual Studio 2013
VisualStudioVersion = 12.0.21005.1
MinimumVisualStudioVersion = 10.0.40219.1
Project("{FAE04EC0-301F-11D3-BF4B-00C04F79EFBC}") = "School", "School\School.csproj", "{A9730C8E-90D8-41BC-BAD5-A08159E6ECC7}"
EndProject
Project("{FAE04EC0-301F-11D3-BF4B-00C04F79EFBC}") = "StudentsAndWorkers", "StudentsAndWorkers\StudentsAndWorkers.csproj", "{DE80D9B6-225C-467E-B590-1413A1545952}"
EndProject
Project("{FAE04EC0-301F-11D3-BF4B-00C04F79EFBC}") = "AnimalHierarchy", "AnimalHierarchy\AnimalHierarchy.csproj", "{B4AA8FD4-B452-4F20-AE4B-86EBC328DCA0}"
EndProject
Global
	GlobalSection(SolutionConfigurationPlatforms) = preSolution
		Debug|Any CPU = Debug|Any CPU
		Release|Any CPU = Release|Any CPU
	EndGlobalSection
	GlobalSection(ProjectConfigurationPlatforms) = postSolution
		{A9730C8E-90D8-41BC-BAD5-A08159E6ECC7}.Debug|Any CPU.ActiveCfg = Debug|Any CPU
		{A9730C8E-90D8-41BC-BAD5-A08159E6ECC7}.Debug|Any CPU.Build.0 = Debug|Any CPU
		{A9730C8E-90D8-41BC-BAD5-A08159E6ECC7}.Release|Any CPU.ActiveCfg = Release|Any CPU
		{A9730C8E-90D8-41BC-BAD5-A08159E6ECC7}.Release|Any CPU.Build.0 = Release|Any CPU
		{DE80D9B6-225C-467E-B590-1413A1545952}.Debug|Any CPU.ActiveCfg = Debug|Any CPU
		{DE80D9B6-225C-467E-B590-1413A1545952}.Debug|Any CPU.Build.0 = Debug|Any CPU
		{DE80D9B6-225C-467E-B590-1413A1545952}.Release|Any CPU.ActiveCfg = Release|Any CPU
		{DE80D9B6-225C-467E-B590-1413A1545952}.Release|Any CPU.Build.0 = Release|Any CPU
		{B4AA8FD4-B452-4F20-AE4B-86EBC328DCA0}.Debug|Any CPU.ActiveCfg = Debug|Any CPU
		{B4AA8FD4-B452-4F20-AE4B-86EBC328DCA0}.Debug|Any CPU.Build.0 = Debug|Any CPU
		{B4AA8FD4-B452-4F20-AE4B-86EBC328DCA0}.Release|Any CPU.ActiveCfg = Release|Any CPU
		{B4AA8FD4-B452-4F20-AE4B-86EBC328DCA0}.Release|Any CPU.Build.0 = Release|Any CPU
	EndGlobalSection
	GlobalSection(SolutionProperties) = preSolution
		HideSolutionNode = FALSE
	EndGlobalSection
EndGlobal
