
Microsoft Visual Studio Solution File, Format Version 12.00
# Visual Studio 2013
VisualStudioVersion = 12.0.21005.1
MinimumVisualStudioVersion = 10.0.40219.1
Project("{FAE04EC0-301F-11D3-BF4B-00C04F79EFBC}") = "Shapes", "Shapes\Shapes.csproj", "{CC7BD5B9-99F1-4D0F-BE81-989C5CC54373}"
EndProject
Project("{FAE04EC0-301F-11D3-BF4B-00C04F79EFBC}") = "BankAccounts", "BankAccounts\BankAccounts.csproj", "{00E6519E-8CC5-48E3-8FF7-39BCD6C2F713}"
EndProject
Project("{FAE04EC0-301F-11D3-BF4B-00C04F79EFBC}") = "RangeExceptions", "RangeExceptions\RangeExceptions.csproj", "{900BB44A-65E7-41A5-B7C4-DB7F027CE35A}"
EndProject
Global
	GlobalSection(SolutionConfigurationPlatforms) = preSolution
		Debug|Any CPU = Debug|Any CPU
		Release|Any CPU = Release|Any CPU
	EndGlobalSection
	GlobalSection(ProjectConfigurationPlatforms) = postSolution
		{CC7BD5B9-99F1-4D0F-BE81-989C5CC54373}.Debug|Any CPU.ActiveCfg = Debug|Any CPU
		{CC7BD5B9-99F1-4D0F-BE81-989C5CC54373}.Debug|Any CPU.Build.0 = Debug|Any CPU
		{CC7BD5B9-99F1-4D0F-BE81-989C5CC54373}.Release|Any CPU.ActiveCfg = Release|Any CPU
		{CC7BD5B9-99F1-4D0F-BE81-989C5CC54373}.Release|Any CPU.Build.0 = Release|Any CPU
		{00E6519E-8CC5-48E3-8FF7-39BCD6C2F713}.Debug|Any CPU.ActiveCfg = Debug|Any CPU
		{00E6519E-8CC5-48E3-8FF7-39BCD6C2F713}.Debug|Any CPU.Build.0 = Debug|Any CPU
		{00E6519E-8CC5-48E3-8FF7-39BCD6C2F713}.Release|Any CPU.ActiveCfg = Release|Any CPU
		{00E6519E-8CC5-48E3-8FF7-39BCD6C2F713}.Release|Any CPU.Build.0 = Release|Any CPU
		{900BB44A-65E7-41A5-B7C4-DB7F027CE35A}.Debug|Any CPU.ActiveCfg = Debug|Any CPU
		{900BB44A-65E7-41A5-B7C4-DB7F027CE35A}.Debug|Any CPU.Build.0 = Debug|Any CPU
		{900BB44A-65E7-41A5-B7C4-DB7F027CE35A}.Release|Any CPU.ActiveCfg = Release|Any CPU
		{900BB44A-65E7-41A5-B7C4-DB7F027CE35A}.Release|Any CPU.Build.0 = Release|Any CPU
	EndGlobalSection
	GlobalSection(SolutionProperties) = preSolution
		HideSolutionNode = FALSE
	EndGlobalSection
EndGlobal
